
Microsoft Visual Studio Solution File, Format Version 12.00
# Visual Studio Version 17
VisualStudioVersion = 17.1.32228.430
MinimumVisualStudioVersion = 10.0.40219.1
Project("{FAE04EC0-301F-11D3-BF4B-00C04F79EFBC}") = "Interfaces2", "Interfaces2\Interfaces2.csproj", "{7ED939BD-B799-4BAC-AF50-7CC397679344}"
EndProject
Global
	GlobalSection(SolutionConfigurationPlatforms) = preSolution
		Debug|Any CPU = Debug|Any CPU
		Release|Any CPU = Release|Any CPU
	EndGlobalSection
	GlobalSection(ProjectConfigurationPlatforms) = postSolution
		{7ED939BD-B799-4BAC-AF50-7CC397679344}.Debug|Any CPU.ActiveCfg = Debug|Any CPU
		{7ED939BD-B799-4BAC-AF50-7CC397679344}.Debug|Any CPU.Build.0 = Debug|Any CPU
		{7ED939BD-B799-4BAC-AF50-7CC397679344}.Release|Any CPU.ActiveCfg = Release|Any CPU
		{7ED939BD-B799-4BAC-AF50-7CC397679344}.Release|Any CPU.Build.0 = Release|Any CPU
	EndGlobalSection
	GlobalSection(SolutionProperties) = preSolution
		HideSolutionNode = FALSE
	EndGlobalSection
	GlobalSection(ExtensibilityGlobals) = postSolution
		SolutionGuid = {FA1E6E9B-EA5F-4E14-B0F5-EF0B0D9E2631}
	EndGlobalSection
EndGlobal
